
Microsoft Visual Studio Solution File, Format Version 12.00
# Visual Studio Version 16
VisualStudioVersion = 16.0.29306.81
MinimumVisualStudioVersion = 10.0.40219.1
Project("{9A19103F-16F7-4668-BE54-9A1E7A4F7556}") = "DeadFishStudio.Product.Domain.Model", "DeadFishStudio.Product.Domain.Model\DeadFishStudio.Product.Domain.Model.csproj", "{2ABCCC03-4BA2-4BED-81E7-7DE72BB768CD}"
EndProject
Project("{9A19103F-16F7-4668-BE54-9A1E7A4F7556}") = "DeadFishStudio.Product.Domain.Service", "DeadFishStudio.Product.Domain.Service\DeadFishStudio.Product.Domain.Service.csproj", "{5C327F32-B014-413C-98A1-57509E289530}"
EndProject
Project("{9A19103F-16F7-4668-BE54-9A1E7A4F7556}") = "DeadFishStudio.Product.Infrastructure.Data", "DeadFishStudio.Product.Infrastructure.Data\DeadFishStudio.Product.Infrastructure.Data.csproj", "{4CE892D5-0FC8-443C-9DDF-53D52EFFFC72}"
EndProject
Project("{9A19103F-16F7-4668-BE54-9A1E7A4F7556}") = "DeadFishStudio.Product.Infrastructure.CrossCutting", "DeadFishStudio.Product.Infrastructure.CrossCutting\DeadFishStudio.Product.Infrastructure.CrossCutting.csproj", "{76D18134-F3BC-44EB-9B84-A023B3F17540}"
EndProject
Project("{9A19103F-16F7-4668-BE54-9A1E7A4F7556}") = "DeadFishStudio.Product.Application.Api", "DeadFishStudio.Product.Application.Api\DeadFishStudio.Product.Application.Api.csproj", "{38FE1136-0E2C-4644-B44B-92EC3BF2A3DA}"
EndProject
Project("{9A19103F-16F7-4668-BE54-9A1E7A4F7556}") = "DeadFishStudio.InfnetDevOps.Shared", "DeadFishStudio.InfnetDevOps.Shared\DeadFishStudio.InfnetDevOps.Shared.csproj", "{F86C38BC-5A00-4C09-9526-ABCB0055E278}"
EndProject
Project("{FAE04EC0-301F-11D3-BF4B-00C04F79EFBC}") = "DeadFishStudio.MarketList.Domain.Model", "DeadFishStudio.MarketList.Domain.Model\DeadFishStudio.MarketList.Domain.Model.csproj", "{792369FF-5DCC-47D5-A2DB-64909047F236}"
EndProject
Project("{FAE04EC0-301F-11D3-BF4B-00C04F79EFBC}") = "DeadFishStudio.MarketList.Domain.Service", "DeadFishStudio.MarketList.Domain.Service\DeadFishStudio.MarketList.Domain.Service.csproj", "{E78CB646-D1E1-4F05-B2D4-3C382F75D000}"
EndProject
Project("{FAE04EC0-301F-11D3-BF4B-00C04F79EFBC}") = "DeadFishStudio.MarketList.Infrastructure.Data", "DeadFishStudio.MarketList.Infrastructure.Data\DeadFishStudio.MarketList.Infrastructure.Data.csproj", "{5659E2AB-6D72-42F4-8A73-981CB8AD0003}"
EndProject
Project("{FAE04EC0-301F-11D3-BF4B-00C04F79EFBC}") = "DeadFishStudio.MarketList.Infrastructure.CrossCutting", "DeadFishStudio.MarketList.Infrastructure.CrossCutting\DeadFishStudio.MarketList.Infrastructure.CrossCutting.csproj", "{DD82776A-F64D-4EC3-9126-169DB74A73FB}"
EndProject
Project("{FAE04EC0-301F-11D3-BF4B-00C04F79EFBC}") = "DeadFishStudio.MarketList.Application.Api", "DeadFishStudio.MarketList.Application.Api\DeadFishStudio.MarketList.Application.Api.csproj", "{845C42C8-5E12-4ED8-9FA1-0374DA188C31}"
EndProject
Project("{FAE04EC0-301F-11D3-BF4B-00C04F79EFBC}") = "DeadFishStudio.MarketList.Domain.Model.Tests", "DeadFishStudio.MarketList.Domain.Model.Tests\DeadFishStudio.MarketList.Domain.Model.Tests.csproj", "{32AE8658-AA9F-4C0D-A8EA-793C5DC4E46A}"
EndProject
Global
	GlobalSection(SolutionConfigurationPlatforms) = preSolution
		Debug|Any CPU = Debug|Any CPU
		Release|Any CPU = Release|Any CPU
	EndGlobalSection
	GlobalSection(ProjectConfigurationPlatforms) = postSolution
		{2ABCCC03-4BA2-4BED-81E7-7DE72BB768CD}.Debug|Any CPU.ActiveCfg = Debug|Any CPU
		{2ABCCC03-4BA2-4BED-81E7-7DE72BB768CD}.Debug|Any CPU.Build.0 = Debug|Any CPU
		{2ABCCC03-4BA2-4BED-81E7-7DE72BB768CD}.Release|Any CPU.ActiveCfg = Release|Any CPU
		{2ABCCC03-4BA2-4BED-81E7-7DE72BB768CD}.Release|Any CPU.Build.0 = Release|Any CPU
		{5C327F32-B014-413C-98A1-57509E289530}.Debug|Any CPU.ActiveCfg = Debug|Any CPU
		{5C327F32-B014-413C-98A1-57509E289530}.Debug|Any CPU.Build.0 = Debug|Any CPU
		{5C327F32-B014-413C-98A1-57509E289530}.Release|Any CPU.ActiveCfg = Release|Any CPU
		{5C327F32-B014-413C-98A1-57509E289530}.Release|Any CPU.Build.0 = Release|Any CPU
		{4CE892D5-0FC8-443C-9DDF-53D52EFFFC72}.Debug|Any CPU.ActiveCfg = Debug|Any CPU
		{4CE892D5-0FC8-443C-9DDF-53D52EFFFC72}.Debug|Any CPU.Build.0 = Debug|Any CPU
		{4CE892D5-0FC8-443C-9DDF-53D52EFFFC72}.Release|Any CPU.ActiveCfg = Release|Any CPU
		{4CE892D5-0FC8-443C-9DDF-53D52EFFFC72}.Release|Any CPU.Build.0 = Release|Any CPU
		{76D18134-F3BC-44EB-9B84-A023B3F17540}.Debug|Any CPU.ActiveCfg = Debug|Any CPU
		{76D18134-F3BC-44EB-9B84-A023B3F17540}.Debug|Any CPU.Build.0 = Debug|Any CPU
		{76D18134-F3BC-44EB-9B84-A023B3F17540}.Release|Any CPU.ActiveCfg = Release|Any CPU
		{76D18134-F3BC-44EB-9B84-A023B3F17540}.Release|Any CPU.Build.0 = Release|Any CPU
		{38FE1136-0E2C-4644-B44B-92EC3BF2A3DA}.Debug|Any CPU.ActiveCfg = Debug|Any CPU
		{38FE1136-0E2C-4644-B44B-92EC3BF2A3DA}.Debug|Any CPU.Build.0 = Debug|Any CPU
		{38FE1136-0E2C-4644-B44B-92EC3BF2A3DA}.Release|Any CPU.ActiveCfg = Release|Any CPU
		{38FE1136-0E2C-4644-B44B-92EC3BF2A3DA}.Release|Any CPU.Build.0 = Release|Any CPU
		{F86C38BC-5A00-4C09-9526-ABCB0055E278}.Debug|Any CPU.ActiveCfg = Debug|Any CPU
		{F86C38BC-5A00-4C09-9526-ABCB0055E278}.Debug|Any CPU.Build.0 = Debug|Any CPU
		{F86C38BC-5A00-4C09-9526-ABCB0055E278}.Release|Any CPU.ActiveCfg = Release|Any CPU
		{F86C38BC-5A00-4C09-9526-ABCB0055E278}.Release|Any CPU.Build.0 = Release|Any CPU
		{792369FF-5DCC-47D5-A2DB-64909047F236}.Debug|Any CPU.ActiveCfg = Debug|Any CPU
		{792369FF-5DCC-47D5-A2DB-64909047F236}.Debug|Any CPU.Build.0 = Debug|Any CPU
		{792369FF-5DCC-47D5-A2DB-64909047F236}.Release|Any CPU.ActiveCfg = Release|Any CPU
		{792369FF-5DCC-47D5-A2DB-64909047F236}.Release|Any CPU.Build.0 = Release|Any CPU
		{E78CB646-D1E1-4F05-B2D4-3C382F75D000}.Debug|Any CPU.ActiveCfg = Debug|Any CPU
		{E78CB646-D1E1-4F05-B2D4-3C382F75D000}.Debug|Any CPU.Build.0 = Debug|Any CPU
		{E78CB646-D1E1-4F05-B2D4-3C382F75D000}.Release|Any CPU.ActiveCfg = Release|Any CPU
		{E78CB646-D1E1-4F05-B2D4-3C382F75D000}.Release|Any CPU.Build.0 = Release|Any CPU
		{5659E2AB-6D72-42F4-8A73-981CB8AD0003}.Debug|Any CPU.ActiveCfg = Debug|Any CPU
		{5659E2AB-6D72-42F4-8A73-981CB8AD0003}.Debug|Any CPU.Build.0 = Debug|Any CPU
		{5659E2AB-6D72-42F4-8A73-981CB8AD0003}.Release|Any CPU.ActiveCfg = Release|Any CPU
		{5659E2AB-6D72-42F4-8A73-981CB8AD0003}.Release|Any CPU.Build.0 = Release|Any CPU
		{DD82776A-F64D-4EC3-9126-169DB74A73FB}.Debug|Any CPU.ActiveCfg = Debug|Any CPU
		{DD82776A-F64D-4EC3-9126-169DB74A73FB}.Debug|Any CPU.Build.0 = Debug|Any CPU
		{DD82776A-F64D-4EC3-9126-169DB74A73FB}.Release|Any CPU.ActiveCfg = Release|Any CPU
		{DD82776A-F64D-4EC3-9126-169DB74A73FB}.Release|Any CPU.Build.0 = Release|Any CPU
		{845C42C8-5E12-4ED8-9FA1-0374DA188C31}.Debug|Any CPU.ActiveCfg = Debug|Any CPU
		{845C42C8-5E12-4ED8-9FA1-0374DA188C31}.Debug|Any CPU.Build.0 = Debug|Any CPU
		{845C42C8-5E12-4ED8-9FA1-0374DA188C31}.Release|Any CPU.ActiveCfg = Release|Any CPU
		{845C42C8-5E12-4ED8-9FA1-0374DA188C31}.Release|Any CPU.Build.0 = Release|Any CPU
		{32AE8658-AA9F-4C0D-A8EA-793C5DC4E46A}.Debug|Any CPU.ActiveCfg = Debug|Any CPU
		{32AE8658-AA9F-4C0D-A8EA-793C5DC4E46A}.Debug|Any CPU.Build.0 = Debug|Any CPU
		{32AE8658-AA9F-4C0D-A8EA-793C5DC4E46A}.Release|Any CPU.ActiveCfg = Release|Any CPU
		{32AE8658-AA9F-4C0D-A8EA-793C5DC4E46A}.Release|Any CPU.Build.0 = Release|Any CPU
	EndGlobalSection
	GlobalSection(SolutionProperties) = preSolution
		HideSolutionNode = FALSE
	EndGlobalSection
	GlobalSection(ExtensibilityGlobals) = postSolution
		SolutionGuid = {DD545B3F-CA19-47AA-A615-60D6214A537A}
	EndGlobalSection
EndGlobal
