
Microsoft Visual Studio Solution File, Format Version 12.00
# Visual Studio Version 16
VisualStudioVersion = 16.0.29306.81
MinimumVisualStudioVersion = 10.0.40219.1
Project("{FAE04EC0-301F-11D3-BF4B-00C04F79EFBC}") = "DeadFishStudio.Product.Domain.Model", "DeadFishStudio.Product.Domain.Model\DeadFishStudio.Product.Domain.Model.csproj", "{2ABCCC03-4BA2-4BED-81E7-7DE72BB768CD}"
EndProject
Global
	GlobalSection(SolutionConfigurationPlatforms) = preSolution
		Debug|Any CPU = Debug|Any CPU
		Release|Any CPU = Release|Any CPU
	EndGlobalSection
	GlobalSection(ProjectConfigurationPlatforms) = postSolution
		{2ABCCC03-4BA2-4BED-81E7-7DE72BB768CD}.Debug|Any CPU.ActiveCfg = Debug|Any CPU
		{2ABCCC03-4BA2-4BED-81E7-7DE72BB768CD}.Debug|Any CPU.Build.0 = Debug|Any CPU
		{2ABCCC03-4BA2-4BED-81E7-7DE72BB768CD}.Release|Any CPU.ActiveCfg = Release|Any CPU
		{2ABCCC03-4BA2-4BED-81E7-7DE72BB768CD}.Release|Any CPU.Build.0 = Release|Any CPU
	EndGlobalSection
	GlobalSection(SolutionProperties) = preSolution
		HideSolutionNode = FALSE
	EndGlobalSection
	GlobalSection(ExtensibilityGlobals) = postSolution
		SolutionGuid = {DD545B3F-CA19-47AA-A615-60D6214A537A}
	EndGlobalSection
EndGlobal
